# This file is automatically @generated by Cargo.
# It is not intended for manual editing.
version = 4

[[package]]
name = "pensieve-01"
version = "0.1.0"

[[package]]
name = "pensieve-02"
version = "0.1.0"

[[package]]
name = "pensieve-03"
version = "0.1.0"

[[package]]
name = "pensieve-04"
version = "0.1.0"

[[package]]
name = "pensieve-05"
version = "0.1.0"

[[package]]
name = "pensieve-06"
version = "0.1.0"

[[package]]
name = "pensieve-07"
version = "0.1.0"
